// !$*UTF8*$!
{
	archiveVersion = 1;
	classes = {
	};
	objectVersion = 46;
	objects = {

/* Begin PBXBuildFile section */
		49057F281DF904270058818B /* TestingAround.swift in Sources */ = {isa = PBXBuildFile; fileRef = 49057F271DF904270058818B /* TestingAround.swift */; };
		49057F2A1DF9056E0058818B /* BrowseCell.swift in Sources */ = {isa = PBXBuildFile; fileRef = 49057F291DF9056E0058818B /* BrowseCell.swift */; };
		49057F2C1DF911310058818B /* BrowseCollectionCell.swift in Sources */ = {isa = PBXBuildFile; fileRef = 49057F2B1DF911310058818B /* BrowseCollectionCell.swift */; };
		4959C2821DF9CEEA00E8CB0D /* BannerPageViewController.swift in Sources */ = {isa = PBXBuildFile; fileRef = 4959C2811DF9CEEA00E8CB0D /* BannerPageViewController.swift */; };
		4959C2841DF9D03200E8CB0D /* BannerItemController.swift in Sources */ = {isa = PBXBuildFile; fileRef = 4959C2831DF9D03200E8CB0D /* BannerItemController.swift */; };
		4988D0141DEF7B3800AD9535 /* Jafar al-Tayyar.epub in Resources */ = {isa = PBXBuildFile; fileRef = 4988D0131DEF7B3800AD9535 /* Jafar al-Tayyar.epub */; };
		498E456B1DF5D9690081C9A5 /* GoogleService-Info.plist in Resources */ = {isa = PBXBuildFile; fileRef = 498E456A1DF5D9680081C9A5 /* GoogleService-Info.plist */; };
		498E456D1DF5DE810081C9A5 /* BrowseViewController.swift in Sources */ = {isa = PBXBuildFile; fileRef = 498E456C1DF5DE810081C9A5 /* BrowseViewController.swift */; };
		49CD5E1C1DF223B100BAE21F /* MyBooksViewController.swift in Sources */ = {isa = PBXBuildFile; fileRef = 49CD5E1B1DF223B100BAE21F /* MyBooksViewController.swift */; };
		49CD5E1F1DF2565F00BAE21F /* BookModels.swift in Sources */ = {isa = PBXBuildFile; fileRef = 49CD5E1E1DF2565F00BAE21F /* BookModels.swift */; };
		49CD5E211DF25A7000BAE21F /* BooksStateController.swift in Sources */ = {isa = PBXBuildFile; fileRef = 49CD5E201DF25A7000BAE21F /* BooksStateController.swift */; };
		49CF7E9B1DFB1748006A789F /* BookListViewController.swift in Sources */ = {isa = PBXBuildFile; fileRef = 49CF7E9A1DFB1747006A789F /* BookListViewController.swift */; };
		49E4E6701DE915E600816857 /* A Shi'ite Anthology.epub in Resources */ = {isa = PBXBuildFile; fileRef = 49E4E66F1DE915E600816857 /* A Shi'ite Anthology.epub */; };
		49FD455A1DE39E3E007895A2 /* AppDelegate.swift in Sources */ = {isa = PBXBuildFile; fileRef = 49FD45591DE39E3E007895A2 /* AppDelegate.swift */; };
		49FD455F1DE39E3E007895A2 /* Main.storyboard in Resources */ = {isa = PBXBuildFile; fileRef = 49FD455D1DE39E3E007895A2 /* Main.storyboard */; };
		49FD45611DE39E3E007895A2 /* Assets.xcassets in Resources */ = {isa = PBXBuildFile; fileRef = 49FD45601DE39E3E007895A2 /* Assets.xcassets */; };
		49FD45641DE39E3E007895A2 /* LaunchScreen.storyboard in Resources */ = {isa = PBXBuildFile; fileRef = 49FD45621DE39E3E007895A2 /* LaunchScreen.storyboard */; };
		49FD456C1DE3A44D007895A2 /* AshuraMisconceptions.epub in Resources */ = {isa = PBXBuildFile; fileRef = 49FD456B1DE3A44D007895A2 /* AshuraMisconceptions.epub */; };
		74B502A8D2C60F849C9221E2 /* Pods_Kutub.framework in Frameworks */ = {isa = PBXBuildFile; fileRef = 27952BE55172861F9BE305FA /* Pods_Kutub.framework */; };
/* End PBXBuildFile section */

/* Begin PBXFileReference section */
		27952BE55172861F9BE305FA /* Pods_Kutub.framework */ = {isa = PBXFileReference; explicitFileType = wrapper.framework; includeInIndex = 0; path = Pods_Kutub.framework; sourceTree = BUILT_PRODUCTS_DIR; };
		49057F271DF904270058818B /* TestingAround.swift */ = {isa = PBXFileReference; fileEncoding = 4; lastKnownFileType = sourcecode.swift; path = TestingAround.swift; sourceTree = "<group>"; };
		49057F291DF9056E0058818B /* BrowseCell.swift */ = {isa = PBXFileReference; fileEncoding = 4; lastKnownFileType = sourcecode.swift; path = BrowseCell.swift; sourceTree = "<group>"; };
		49057F2B1DF911310058818B /* BrowseCollectionCell.swift */ = {isa = PBXFileReference; fileEncoding = 4; lastKnownFileType = sourcecode.swift; path = BrowseCollectionCell.swift; sourceTree = "<group>"; };
		4959C2811DF9CEEA00E8CB0D /* BannerPageViewController.swift */ = {isa = PBXFileReference; fileEncoding = 4; lastKnownFileType = sourcecode.swift; path = BannerPageViewController.swift; sourceTree = "<group>"; };
		4959C2831DF9D03200E8CB0D /* BannerItemController.swift */ = {isa = PBXFileReference; fileEncoding = 4; lastKnownFileType = sourcecode.swift; path = BannerItemController.swift; sourceTree = "<group>"; };
		4988D0131DEF7B3800AD9535 /* Jafar al-Tayyar.epub */ = {isa = PBXFileReference; lastKnownFileType = file; path = "Jafar al-Tayyar.epub"; sourceTree = "<group>"; };
		498E456A1DF5D9680081C9A5 /* GoogleService-Info.plist */ = {isa = PBXFileReference; fileEncoding = 4; lastKnownFileType = text.plist.xml; path = "GoogleService-Info.plist"; sourceTree = "<group>"; };
		498E456C1DF5DE810081C9A5 /* BrowseViewController.swift */ = {isa = PBXFileReference; fileEncoding = 4; lastKnownFileType = sourcecode.swift; path = BrowseViewController.swift; sourceTree = "<group>"; };
		49CD5E1B1DF223B100BAE21F /* MyBooksViewController.swift */ = {isa = PBXFileReference; fileEncoding = 4; lastKnownFileType = sourcecode.swift; path = MyBooksViewController.swift; sourceTree = "<group>"; };
		49CD5E1E1DF2565F00BAE21F /* BookModels.swift */ = {isa = PBXFileReference; fileEncoding = 4; lastKnownFileType = sourcecode.swift; path = BookModels.swift; sourceTree = "<group>"; };
		49CD5E201DF25A7000BAE21F /* BooksStateController.swift */ = {isa = PBXFileReference; fileEncoding = 4; lastKnownFileType = sourcecode.swift; path = BooksStateController.swift; sourceTree = "<group>"; };
		49CF7E9A1DFB1747006A789F /* BookListViewController.swift */ = {isa = PBXFileReference; fileEncoding = 4; lastKnownFileType = sourcecode.swift; path = BookListViewController.swift; sourceTree = "<group>"; };
		49E4E66F1DE915E600816857 /* A Shi'ite Anthology.epub */ = {isa = PBXFileReference; lastKnownFileType = file; path = "A Shi'ite Anthology.epub"; sourceTree = "<group>"; };
		49FD45561DE39E3E007895A2 /* Kutub.app */ = {isa = PBXFileReference; explicitFileType = wrapper.application; includeInIndex = 0; path = Kutub.app; sourceTree = BUILT_PRODUCTS_DIR; };
		49FD45591DE39E3E007895A2 /* AppDelegate.swift */ = {isa = PBXFileReference; lastKnownFileType = sourcecode.swift; path = AppDelegate.swift; sourceTree = "<group>"; };
		49FD455E1DE39E3E007895A2 /* Base */ = {isa = PBXFileReference; lastKnownFileType = file.storyboard; name = Base; path = Base.lproj/Main.storyboard; sourceTree = "<group>"; };
		49FD45601DE39E3E007895A2 /* Assets.xcassets */ = {isa = PBXFileReference; lastKnownFileType = folder.assetcatalog; path = Assets.xcassets; sourceTree = "<group>"; };
		49FD45631DE39E3E007895A2 /* Base */ = {isa = PBXFileReference; lastKnownFileType = file.storyboard; name = Base; path = Base.lproj/LaunchScreen.storyboard; sourceTree = "<group>"; };
		49FD45651DE39E3E007895A2 /* Info.plist */ = {isa = PBXFileReference; lastKnownFileType = text.plist.xml; path = Info.plist; sourceTree = "<group>"; };
		49FD456B1DE3A44D007895A2 /* AshuraMisconceptions.epub */ = {isa = PBXFileReference; lastKnownFileType = file; path = AshuraMisconceptions.epub; sourceTree = "<group>"; };
		8E09189A17B1943AC2058731 /* Pods-Kutub.debug.xcconfig */ = {isa = PBXFileReference; includeInIndex = 1; lastKnownFileType = text.xcconfig; name = "Pods-Kutub.debug.xcconfig"; path = "Pods/Target Support Files/Pods-Kutub/Pods-Kutub.debug.xcconfig"; sourceTree = "<group>"; };
		90B6E4AA037A4279FF87982D /* Pods-Kutub.release.xcconfig */ = {isa = PBXFileReference; includeInIndex = 1; lastKnownFileType = text.xcconfig; name = "Pods-Kutub.release.xcconfig"; path = "Pods/Target Support Files/Pods-Kutub/Pods-Kutub.release.xcconfig"; sourceTree = "<group>"; };
/* End PBXFileReference section */

/* Begin PBXFrameworksBuildPhase section */
		49FD45531DE39E3E007895A2 /* Frameworks */ = {
			isa = PBXFrameworksBuildPhase;
			buildActionMask = 2147483647;
			files = (
				74B502A8D2C60F849C9221E2 /* Pods_Kutub.framework in Frameworks */,
			);
			runOnlyForDeploymentPostprocessing = 0;
		};
/* End PBXFrameworksBuildPhase section */

/* Begin PBXGroup section */
		28558A8102B32C42555AD781 /* Frameworks */ = {
			isa = PBXGroup;
			children = (
				27952BE55172861F9BE305FA /* Pods_Kutub.framework */,
			);
			name = Frameworks;
			sourceTree = "<group>";
		};
		496950991DFA17A700CA66B6 /* Browse */ = {
			isa = PBXGroup;
			children = (
				498E456C1DF5DE810081C9A5 /* BrowseViewController.swift */,
				49057F291DF9056E0058818B /* BrowseCell.swift */,
				49057F2B1DF911310058818B /* BrowseCollectionCell.swift */,
				4969509A1DFA183700CA66B6 /* Banner */,
			);
			name = Browse;
			sourceTree = "<group>";
		};
		4969509A1DFA183700CA66B6 /* Banner */ = {
			isa = PBXGroup;
			children = (
				4959C2811DF9CEEA00E8CB0D /* BannerPageViewController.swift */,
				4959C2831DF9D03200E8CB0D /* BannerItemController.swift */,
			);
			name = Banner;
			sourceTree = "<group>";
		};
		49CD5E1D1DF2564F00BAE21F /* Models */ = {
			isa = PBXGroup;
			children = (
				49CD5E201DF25A7000BAE21F /* BooksStateController.swift */,
				49CD5E1E1DF2565F00BAE21F /* BookModels.swift */,
			);
			name = Models;
			sourceTree = "<group>";
		};
		49FD454D1DE39E3D007895A2 = {
			isa = PBXGroup;
			children = (
				49FD45581DE39E3E007895A2 /* Kutub */,
				49FD45571DE39E3E007895A2 /* Products */,
				EB4A78C90130C70610F8B4F9 /* Pods */,
				28558A8102B32C42555AD781 /* Frameworks */,
			);
			sourceTree = "<group>";
		};
		49FD45571DE39E3E007895A2 /* Products */ = {
			isa = PBXGroup;
			children = (
				49FD45561DE39E3E007895A2 /* Kutub.app */,
			);
			name = Products;
			sourceTree = "<group>";
		};
		49FD45581DE39E3E007895A2 /* Kutub */ = {
			isa = PBXGroup;
			children = (
				49CD5E1D1DF2564F00BAE21F /* Models */,
				49FD456B1DE3A44D007895A2 /* AshuraMisconceptions.epub */,
				49E4E66F1DE915E600816857 /* A Shi'ite Anthology.epub */,
				4988D0131DEF7B3800AD9535 /* Jafar al-Tayyar.epub */,
				49FD45591DE39E3E007895A2 /* AppDelegate.swift */,
				49CD5E1B1DF223B100BAE21F /* MyBooksViewController.swift */,
				49CF7E9A1DFB1747006A789F /* BookListViewController.swift */,
				496950991DFA17A700CA66B6 /* Browse */,
				49FD455D1DE39E3E007895A2 /* Main.storyboard */,
				49057F271DF904270058818B /* TestingAround.swift */,
				49FD45601DE39E3E007895A2 /* Assets.xcassets */,
				49FD45621DE39E3E007895A2 /* LaunchScreen.storyboard */,
				498E456A1DF5D9680081C9A5 /* GoogleService-Info.plist */,
				49FD45651DE39E3E007895A2 /* Info.plist */,
			);
			path = Kutub;
			sourceTree = "<group>";
		};
		EB4A78C90130C70610F8B4F9 /* Pods */ = {
			isa = PBXGroup;
			children = (
				8E09189A17B1943AC2058731 /* Pods-Kutub.debug.xcconfig */,
				90B6E4AA037A4279FF87982D /* Pods-Kutub.release.xcconfig */,
			);
			name = Pods;
			sourceTree = "<group>";
		};
/* End PBXGroup section */

/* Begin PBXNativeTarget section */
		49FD45551DE39E3E007895A2 /* Kutub */ = {
			isa = PBXNativeTarget;
			buildConfigurationList = 49FD45681DE39E3F007895A2 /* Build configuration list for PBXNativeTarget "Kutub" */;
			buildPhases = (
				56BC262F365D48A96AA83BCE /* [CP] Check Pods Manifest.lock */,
				49FD45521DE39E3E007895A2 /* Sources */,
				49FD45531DE39E3E007895A2 /* Frameworks */,
				49FD45541DE39E3E007895A2 /* Resources */,
				D0B0DB01AD82A4646E93D2C8 /* [CP] Embed Pods Frameworks */,
				8D70224D12B3E16F53D52C25 /* [CP] Copy Pods Resources */,
			);
			buildRules = (
			);
			dependencies = (
			);
			name = Kutub;
			productName = Kutub;
			productReference = 49FD45561DE39E3E007895A2 /* Kutub.app */;
			productType = "com.apple.product-type.application";
		};
/* End PBXNativeTarget section */

/* Begin PBXProject section */
		49FD454E1DE39E3D007895A2 /* Project object */ = {
			isa = PBXProject;
			attributes = {
				LastSwiftUpdateCheck = 0800;
				LastUpgradeCheck = 0810;
				ORGANIZATIONNAME = com.AliMir;
				TargetAttributes = {
					49FD45551DE39E3E007895A2 = {
						CreatedOnToolsVersion = 8.0;
						DevelopmentTeam = 396S2E45WK;
						ProvisioningStyle = Automatic;
					};
				};
			};
			buildConfigurationList = 49FD45511DE39E3D007895A2 /* Build configuration list for PBXProject "Kutub" */;
			compatibilityVersion = "Xcode 3.2";
			developmentRegion = English;
			hasScannedForEncodings = 0;
			knownRegions = (
				en,
				Base,
			);
			mainGroup = 49FD454D1DE39E3D007895A2;
			productRefGroup = 49FD45571DE39E3E007895A2 /* Products */;
			projectDirPath = "";
			projectRoot = "";
			targets = (
				49FD45551DE39E3E007895A2 /* Kutub */,
			);
		};
/* End PBXProject section */

/* Begin PBXResourcesBuildPhase section */
		49FD45541DE39E3E007895A2 /* Resources */ = {
			isa = PBXResourcesBuildPhase;
			buildActionMask = 2147483647;
			files = (
				49FD45641DE39E3E007895A2 /* LaunchScreen.storyboard in Resources */,
				49FD45611DE39E3E007895A2 /* Assets.xcassets in Resources */,
				49E4E6701DE915E600816857 /* A Shi'ite Anthology.epub in Resources */,
				49FD456C1DE3A44D007895A2 /* AshuraMisconceptions.epub in Resources */,
				49FD455F1DE39E3E007895A2 /* Main.storyboard in Resources */,
				4988D0141DEF7B3800AD9535 /* Jafar al-Tayyar.epub in Resources */,
				498E456B1DF5D9690081C9A5 /* GoogleService-Info.plist in Resources */,
			);
			runOnlyForDeploymentPostprocessing = 0;
		};
/* End PBXResourcesBuildPhase section */

/* Begin PBXShellScriptBuildPhase section */
		56BC262F365D48A96AA83BCE /* [CP] Check Pods Manifest.lock */ = {
			isa = PBXShellScriptBuildPhase;
			buildActionMask = 2147483647;
			files = (
			);
			inputPaths = (
			);
			name = "[CP] Check Pods Manifest.lock";
			outputPaths = (
			);
			runOnlyForDeploymentPostprocessing = 0;
			shellPath = /bin/sh;
			shellScript = "diff \"${PODS_ROOT}/../Podfile.lock\" \"${PODS_ROOT}/Manifest.lock\" > /dev/null\nif [ $? != 0 ] ; then\n    # print error to STDERR\n    echo \"error: The sandbox is not in sync with the Podfile.lock. Run 'pod install' or update your CocoaPods installation.\" >&2\n    exit 1\nfi\n";
			showEnvVarsInLog = 0;
		};
		8D70224D12B3E16F53D52C25 /* [CP] Copy Pods Resources */ = {
			isa = PBXShellScriptBuildPhase;
			buildActionMask = 2147483647;
			files = (
			);
			inputPaths = (
			);
			name = "[CP] Copy Pods Resources";
			outputPaths = (
			);
			runOnlyForDeploymentPostprocessing = 0;
			shellPath = /bin/sh;
			shellScript = "\"${SRCROOT}/Pods/Target Support Files/Pods-Kutub/Pods-Kutub-resources.sh\"\n";
			showEnvVarsInLog = 0;
		};
		D0B0DB01AD82A4646E93D2C8 /* [CP] Embed Pods Frameworks */ = {
			isa = PBXShellScriptBuildPhase;
			buildActionMask = 2147483647;
			files = (
			);
			inputPaths = (
			);
			name = "[CP] Embed Pods Frameworks";
			outputPaths = (
			);
			runOnlyForDeploymentPostprocessing = 0;
			shellPath = /bin/sh;
			shellScript = "\"${SRCROOT}/Pods/Target Support Files/Pods-Kutub/Pods-Kutub-frameworks.sh\"\n";
			showEnvVarsInLog = 0;
		};
/* End PBXShellScriptBuildPhase section */

/* Begin PBXSourcesBuildPhase section */
		49FD45521DE39E3E007895A2 /* Sources */ = {
			isa = PBXSourcesBuildPhase;
			buildActionMask = 2147483647;
			files = (
				49CD5E211DF25A7000BAE21F /* BooksStateController.swift in Sources */,
				49FD455A1DE39E3E007895A2 /* AppDelegate.swift in Sources */,
				49057F2A1DF9056E0058818B /* BrowseCell.swift in Sources */,
				49057F2C1DF911310058818B /* BrowseCollectionCell.swift in Sources */,
				49CD5E1C1DF223B100BAE21F /* MyBooksViewController.swift in Sources */,
				49057F281DF904270058818B /* TestingAround.swift in Sources */,
				49CF7E9B1DFB1748006A789F /* BookListViewController.swift in Sources */,
				49CD5E1F1DF2565F00BAE21F /* BookModels.swift in Sources */,
				4959C2821DF9CEEA00E8CB0D /* BannerPageViewController.swift in Sources */,
				4959C2841DF9D03200E8CB0D /* BannerItemController.swift in Sources */,
				498E456D1DF5DE810081C9A5 /* BrowseViewController.swift in Sources */,
			);
			runOnlyForDeploymentPostprocessing = 0;
		};
/* End PBXSourcesBuildPhase section */

/* Begin PBXVariantGroup section */
		49FD455D1DE39E3E007895A2 /* Main.storyboard */ = {
			isa = PBXVariantGroup;
			children = (
				49FD455E1DE39E3E007895A2 /* Base */,
			);
			name = Main.storyboard;
			sourceTree = "<group>";
		};
		49FD45621DE39E3E007895A2 /* LaunchScreen.storyboard */ = {
			isa = PBXVariantGroup;
			children = (
				49FD45631DE39E3E007895A2 /* Base */,
			);
			name = LaunchScreen.storyboard;
			sourceTree = "<group>";
		};
/* End PBXVariantGroup section */

/* Begin XCBuildConfiguration section */
		49FD45661DE39E3E007895A2 /* Debug */ = {
			isa = XCBuildConfiguration;
			buildSettings = {
				ALWAYS_SEARCH_USER_PATHS = NO;
				CLANG_ANALYZER_NONNULL = YES;
				CLANG_CXX_LANGUAGE_STANDARD = "gnu++0x";
				CLANG_CXX_LIBRARY = "libc++";
				CLANG_ENABLE_MODULES = YES;
				CLANG_ENABLE_OBJC_ARC = YES;
				CLANG_WARN_BOOL_CONVERSION = YES;
				CLANG_WARN_CONSTANT_CONVERSION = YES;
				CLANG_WARN_DIRECT_OBJC_ISA_USAGE = YES_ERROR;
				CLANG_WARN_DOCUMENTATION_COMMENTS = YES;
				CLANG_WARN_EMPTY_BODY = YES;
				CLANG_WARN_ENUM_CONVERSION = YES;
				CLANG_WARN_INFINITE_RECURSION = YES;
				CLANG_WARN_INT_CONVERSION = YES;
				CLANG_WARN_OBJC_ROOT_CLASS = YES_ERROR;
				CLANG_WARN_SUSPICIOUS_MOVE = YES;
				CLANG_WARN_SUSPICIOUS_MOVES = YES;
				CLANG_WARN_UNREACHABLE_CODE = YES;
				CLANG_WARN__DUPLICATE_METHOD_MATCH = YES;
				"CODE_SIGN_IDENTITY[sdk=iphoneos*]" = "iPhone Developer";
				COPY_PHASE_STRIP = NO;
				DEBUG_INFORMATION_FORMAT = dwarf;
				ENABLE_STRICT_OBJC_MSGSEND = YES;
				ENABLE_TESTABILITY = YES;
				GCC_C_LANGUAGE_STANDARD = gnu99;
				GCC_DYNAMIC_NO_PIC = NO;
				GCC_NO_COMMON_BLOCKS = YES;
				GCC_OPTIMIZATION_LEVEL = 0;
				GCC_PREPROCESSOR_DEFINITIONS = (
					"DEBUG=1",
					"$(inherited)",
				);
				GCC_WARN_64_TO_32_BIT_CONVERSION = YES;
				GCC_WARN_ABOUT_RETURN_TYPE = YES_ERROR;
				GCC_WARN_UNDECLARED_SELECTOR = YES;
				GCC_WARN_UNINITIALIZED_AUTOS = YES_AGGRESSIVE;
				GCC_WARN_UNUSED_FUNCTION = YES;
				GCC_WARN_UNUSED_VARIABLE = YES;
				IPHONEOS_DEPLOYMENT_TARGET = 10.0;
				MTL_ENABLE_DEBUG_INFO = YES;
				ONLY_ACTIVE_ARCH = YES;
				SDKROOT = iphoneos;
				SWIFT_ACTIVE_COMPILATION_CONDITIONS = DEBUG;
				SWIFT_OPTIMIZATION_LEVEL = "-Onone";
				TARGETED_DEVICE_FAMILY = "1,2";
			};
			name = Debug;
		};
		49FD45671DE39E3E007895A2 /* Release */ = {
			isa = XCBuildConfiguration;
			buildSettings = {
				ALWAYS_SEARCH_USER_PATHS = NO;
				CLANG_ANALYZER_NONNULL = YES;
				CLANG_CXX_LANGUAGE_STANDARD = "gnu++0x";
				CLANG_CXX_LIBRARY = "libc++";
				CLANG_ENABLE_MODULES = YES;
				CLANG_ENABLE_OBJC_ARC = YES;
				CLANG_WARN_BOOL_CONVERSION = YES;
				CLANG_WARN_CONSTANT_CONVERSION = YES;
				CLANG_WARN_DIRECT_OBJC_ISA_USAGE = YES_ERROR;
				CLANG_WARN_DOCUMENTATION_COMMENTS = YES;
				CLANG_WARN_EMPTY_BODY = YES;
				CLANG_WARN_ENUM_CONVERSION = YES;
				CLANG_WARN_INFINITE_RECURSION = YES;
				CLANG_WARN_INT_CONVERSION = YES;
				CLANG_WARN_OBJC_ROOT_CLASS = YES_ERROR;
				CLANG_WARN_SUSPICIOUS_MOVE = YES;
				CLANG_WARN_SUSPICIOUS_MOVES = YES;
				CLANG_WARN_UNREACHABLE_CODE = YES;
				CLANG_WARN__DUPLICATE_METHOD_MATCH = YES;
				"CODE_SIGN_IDENTITY[sdk=iphoneos*]" = "iPhone Developer";
				COPY_PHASE_STRIP = NO;
				DEBUG_INFORMATION_FORMAT = "dwarf-with-dsym";
				ENABLE_NS_ASSERTIONS = NO;
				ENABLE_STRICT_OBJC_MSGSEND = YES;
				GCC_C_LANGUAGE_STANDARD = gnu99;
				GCC_NO_COMMON_BLOCKS = YES;
				GCC_WARN_64_TO_32_BIT_CONVERSION = YES;
				GCC_WARN_ABOUT_RETURN_TYPE = YES_ERROR;
				GCC_WARN_UNDECLARED_SELECTOR = YES;
				GCC_WARN_UNINITIALIZED_AUTOS = YES_AGGRESSIVE;
				GCC_WARN_UNUSED_FUNCTION = YES;
				GCC_WARN_UNUSED_VARIABLE = YES;
				IPHONEOS_DEPLOYMENT_TARGET = 10.0;
				MTL_ENABLE_DEBUG_INFO = NO;
				SDKROOT = iphoneos;
				SWIFT_OPTIMIZATION_LEVEL = "-Owholemodule";
				TARGETED_DEVICE_FAMILY = "1,2";
				VALIDATE_PRODUCT = YES;
			};
			name = Release;
		};
		49FD45691DE39E3F007895A2 /* Debug */ = {
			isa = XCBuildConfiguration;
			baseConfigurationReference = 8E09189A17B1943AC2058731 /* Pods-Kutub.debug.xcconfig */;
			buildSettings = {
				ALWAYS_EMBED_SWIFT_STANDARD_LIBRARIES = YES;
				ASSETCATALOG_COMPILER_APPICON_NAME = AppIcon;
				DEVELOPMENT_TEAM = 396S2E45WK;
				INFOPLIST_FILE = Kutub/Info.plist;
				LD_RUNPATH_SEARCH_PATHS = "$(inherited) @executable_path/Frameworks";
				PRODUCT_BUNDLE_IDENTIFIER = com.Kutub;
				PRODUCT_NAME = "$(TARGET_NAME)";
				SWIFT_VERSION = 3.0;
			};
			name = Debug;
		};
		49FD456A1DE39E3F007895A2 /* Release */ = {
			isa = XCBuildConfiguration;
			baseConfigurationReference = 90B6E4AA037A4279FF87982D /* Pods-Kutub.release.xcconfig */;
			buildSettings = {
				ALWAYS_EMBED_SWIFT_STANDARD_LIBRARIES = YES;
				ASSETCATALOG_COMPILER_APPICON_NAME = AppIcon;
				DEVELOPMENT_TEAM = 396S2E45WK;
				INFOPLIST_FILE = Kutub/Info.plist;
				LD_RUNPATH_SEARCH_PATHS = "$(inherited) @executable_path/Frameworks";
				PRODUCT_BUNDLE_IDENTIFIER = com.Kutub;
				PRODUCT_NAME = "$(TARGET_NAME)";
				SWIFT_VERSION = 3.0;
			};
			name = Release;
		};
/* End XCBuildConfiguration section */

/* Begin XCConfigurationList section */
		49FD45511DE39E3D007895A2 /* Build configuration list for PBXProject "Kutub" */ = {
			isa = XCConfigurationList;
			buildConfigurations = (
				49FD45661DE39E3E007895A2 /* Debug */,
				49FD45671DE39E3E007895A2 /* Release */,
			);
			defaultConfigurationIsVisible = 0;
			defaultConfigurationName = Release;
		};
		49FD45681DE39E3F007895A2 /* Build configuration list for PBXNativeTarget "Kutub" */ = {
			isa = XCConfigurationList;
			buildConfigurations = (
				49FD45691DE39E3F007895A2 /* Debug */,
				49FD456A1DE39E3F007895A2 /* Release */,
			);
			defaultConfigurationIsVisible = 0;
			defaultConfigurationName = Release;
		};
/* End XCConfigurationList section */
	};
	rootObject = 49FD454E1DE39E3D007895A2 /* Project object */;
}
